<?xml version="1.0" encoding="utf-8"?>
<Project ToolsVersion="4.0" xmlns="http://schemas.microsoft.com/developer/msbuild/2003">
  <ItemGroup>
    <ClCompile Include="imgui-docking\imgui.cpp">
      <Filter>View\imgui</Filter>
    </ClCompile>
    <ClCompile Include="imgui-docking\imgui_demo.cpp">
      <Filter>View\imgui</Filter>
    </ClCompile>
    <ClCompile Include="imgui-docking\imgui_draw.cpp">
      <Filter>View\imgui</Filter>
    </ClCompile>
    <ClCompile Include="imgui-docking\imgui_impl_dx9.cpp">
      <Filter>View\imgui</Filter>
    </ClCompile>
    <ClCompile Include="imgui-docking\imgui_impl_win32.cpp">
      <Filter>View\imgui</Filter>
    </ClCompile>
    <ClCompile Include="imgui-docking\imgui_widgets.cpp">
      <Filter>View\imgui</Filter>
    </ClCompile>
    <ClCompile Include="main.cpp" />
    <ClCompile Include="Model\appmodel.cpp">
      <Filter>Model</Filter>
    </ClCompile>
    <ClCompile Include="Controller\appcontroller.cpp">
      <Filter>Controller</Filter>
    </ClCompile>
    <ClCompile Include="View\appview.cpp">
      <Filter>View</Filter>
    </ClCompile>
  </ItemGroup>
  <ItemGroup>
    <ClInclude Include="imgui-docking\imconfig.h">
      <Filter>View\imgui</Filter>
    </ClInclude>
    <ClInclude Include="imgui-docking\imgui.h">
      <Filter>View\imgui</Filter>
    </ClInclude>
    <ClInclude Include="imgui-docking\imgui_impl_dx9.h">
      <Filter>View\imgui</Filter>
    </ClInclude>
    <ClInclude Include="imgui-docking\imgui_impl_win32.h">
      <Filter>View\imgui</Filter>
    </ClInclude>
    <ClInclude Include="imgui-docking\imgui_internal.h">
      <Filter>View\imgui</Filter>
    </ClInclude>
    <ClInclude Include="imgui-docking\imstb_rectpack.h">
      <Filter>View\imgui</Filter>
    </ClInclude>
    <ClInclude Include="imgui-docking\imstb_textedit.h">
      <Filter>View\imgui</Filter>
    </ClInclude>
    <ClInclude Include="imgui-docking\imstb_truetype.h">
      <Filter>View\imgui</Filter>
    </ClInclude>
    <ClInclude Include="main.h" />
    <ClInclude Include="font_dop.h">
      <Filter>gui\fonts</Filter>
    </ClInclude>
    <ClInclude Include="singleton.h" />
    <ClInclude Include="includes.h" />
    <ClInclude Include="Controller\appcontroller.h">
      <Filter>Controller</Filter>
    </ClInclude>
    <ClInclude Include="Model\appmodel.h">
      <Filter>Model</Filter>
    </ClInclude>
    <ClInclude Include="View\appview.h">
      <Filter>View</Filter>
    </ClInclude>
  </ItemGroup>
  <ItemGroup>
    <Filter Include="gui">
      <UniqueIdentifier>{b56408c1-0bab-4ea9-9598-6925d6c69d5b}</UniqueIdentifier>
    </Filter>
    <Filter Include="Model">
      <UniqueIdentifier>{4019abb4-45ef-4c13-b5bc-c46b97f28fa5}</UniqueIdentifier>
    </Filter>
    <Filter Include="View">
      <UniqueIdentifier>{cfe8de41-51e1-421c-96a9-6020001550b1}</UniqueIdentifier>
    </Filter>
    <Filter Include="Controller">
      <UniqueIdentifier>{52f81921-62cb-4b65-bd74-0b87bff3f880}</UniqueIdentifier>
    </Filter>
    <Filter Include="gui\fonts">
      <UniqueIdentifier>{797d46e5-ca29-40f8-98c6-e80cf8ff559e}</UniqueIdentifier>
    </Filter>
    <Filter Include="View\imgui">
      <UniqueIdentifier>{8cf77124-bebc-471d-acac-8b9b1ffc2a66}</UniqueIdentifier>
    </Filter>
  </ItemGroup>
  <ItemGroup>
    <None Include="..\riot-cpp-master\README.md" />
  </ItemGroup>
  <ItemGroup>
    <Manifest Include="app.manifest" />
  </ItemGroup>
</Project>